
Microsoft Visual Studio Solution File, Format Version 12.00
# Visual Studio 2012
Project("{E24C65DC-7377-472B-9ABA-BC803B73C61A}") = "IMonitorWeb", "http://localhost:5299", "{662D762C-551F-4A4A-8155-6A55755DE599}"
	ProjectSection(WebsiteProperties) = preProject
		UseIISExpress = "true"
		TargetFrameworkMoniker = ".NETFramework,Version%3Dv4.5"
		ProjectReferences = "{ff2a1c5f-6f88-4416-bac3-b4deffd54e0a}|IMonitorService.dll;"
		Debug.AspNetCompiler.VirtualPath = "/localhost_5299"
		Debug.AspNetCompiler.PhysicalPath = "IMonitorWeb\"
		Debug.AspNetCompiler.TargetPath = "PrecompiledWeb\localhost_5299\"
		Debug.AspNetCompiler.Updateable = "true"
		Debug.AspNetCompiler.ForceOverwrite = "true"
		Debug.AspNetCompiler.FixedNames = "false"
		Debug.AspNetCompiler.Debug = "True"
		Release.AspNetCompiler.VirtualPath = "/localhost_5299"
		Release.AspNetCompiler.PhysicalPath = "IMonitorWeb\"
		Release.AspNetCompiler.TargetPath = "PrecompiledWeb\localhost_5299\"
		Release.AspNetCompiler.Updateable = "true"
		Release.AspNetCompiler.ForceOverwrite = "true"
		Release.AspNetCompiler.FixedNames = "false"
		Release.AspNetCompiler.Debug = "False"
		SlnRelativePath = "IMonitorWeb\"
		DefaultWebSiteLanguage = "Visual C#"
	EndProjectSection
EndProject
Project("{FAE04EC0-301F-11D3-BF4B-00C04F79EFBC}") = "IMonitorService", "IMonitorService\IMonitorService.csproj", "{FF2A1C5F-6F88-4416-BAC3-B4DEFFD54E0A}"
EndProject
Project("{FAE04EC0-301F-11D3-BF4B-00C04F79EFBC}") = "IMonitorAssist", "IMonitorAssist\IMonitorAssist.csproj", "{6522744F-B1B0-46AF-B403-8A1DEA8FC9D1}"
EndProject
Global
	GlobalSection(SolutionConfigurationPlatforms) = preSolution
		Debug|Any CPU = Debug|Any CPU
		Release|Any CPU = Release|Any CPU
	EndGlobalSection
	GlobalSection(ProjectConfigurationPlatforms) = postSolution
		{662D762C-551F-4A4A-8155-6A55755DE599}.Debug|Any CPU.ActiveCfg = Debug|Any CPU
		{662D762C-551F-4A4A-8155-6A55755DE599}.Debug|Any CPU.Build.0 = Debug|Any CPU
		{662D762C-551F-4A4A-8155-6A55755DE599}.Release|Any CPU.ActiveCfg = Debug|Any CPU
		{662D762C-551F-4A4A-8155-6A55755DE599}.Release|Any CPU.Build.0 = Debug|Any CPU
		{FF2A1C5F-6F88-4416-BAC3-B4DEFFD54E0A}.Debug|Any CPU.ActiveCfg = Debug|Any CPU
		{FF2A1C5F-6F88-4416-BAC3-B4DEFFD54E0A}.Debug|Any CPU.Build.0 = Debug|Any CPU
		{FF2A1C5F-6F88-4416-BAC3-B4DEFFD54E0A}.Release|Any CPU.ActiveCfg = Release|Any CPU
		{FF2A1C5F-6F88-4416-BAC3-B4DEFFD54E0A}.Release|Any CPU.Build.0 = Release|Any CPU
		{6522744F-B1B0-46AF-B403-8A1DEA8FC9D1}.Debug|Any CPU.ActiveCfg = Debug|Any CPU
		{6522744F-B1B0-46AF-B403-8A1DEA8FC9D1}.Debug|Any CPU.Build.0 = Debug|Any CPU
		{6522744F-B1B0-46AF-B403-8A1DEA8FC9D1}.Release|Any CPU.ActiveCfg = Release|Any CPU
		{6522744F-B1B0-46AF-B403-8A1DEA8FC9D1}.Release|Any CPU.Build.0 = Release|Any CPU
	EndGlobalSection
	GlobalSection(SolutionProperties) = preSolution
		HideSolutionNode = FALSE
	EndGlobalSection
EndGlobal
